
Microsoft Visual Studio Solution File, Format Version 12.00
# Visual Studio Version 17
VisualStudioVersion = 17.14.36212.18 d17.14
MinimumVisualStudioVersion = 10.0.40219.1
Project("{FAE04EC0-301F-11D3-BF4B-00C04F79EFBC}") = "AppPW2", "AppPW2\AppPW2.csproj", "{4DAA845A-FCCA-49D2-8E35-DC7CC5F5577A}"
EndProject
Global
	GlobalSection(SolutionConfigurationPlatforms) = preSolution
		Debug|Any CPU = Debug|Any CPU
		Release|Any CPU = Release|Any CPU
	EndGlobalSection
	GlobalSection(ProjectConfigurationPlatforms) = postSolution
		{4DAA845A-FCCA-49D2-8E35-DC7CC5F5577A}.Debug|Any CPU.ActiveCfg = Debug|Any CPU
		{4DAA845A-FCCA-49D2-8E35-DC7CC5F5577A}.Debug|Any CPU.Build.0 = Debug|Any CPU
		{4DAA845A-FCCA-49D2-8E35-DC7CC5F5577A}.Release|Any CPU.ActiveCfg = Release|Any CPU
		{4DAA845A-FCCA-49D2-8E35-DC7CC5F5577A}.Release|Any CPU.Build.0 = Release|Any CPU
	EndGlobalSection
	GlobalSection(SolutionProperties) = preSolution
		HideSolutionNode = FALSE
	EndGlobalSection
	GlobalSection(ExtensibilityGlobals) = postSolution
		SolutionGuid = {CE3CB732-B5F4-42F4-A6C5-60250602F195}
	EndGlobalSection
EndGlobal
